
Microsoft Visual Studio Solution File, Format Version 12.00
# Visual Studio Version 16
VisualStudioVersion = 16.0.30621.155
MinimumVisualStudioVersion = 10.0.40219.1
Project("{FAE04EC0-301F-11D3-BF4B-00C04F79EFBC}") = "Livraria.Domain", "Livraria.Domain\Livraria.Domain.csproj", "{FEAFAD90-913B-4BB6-90DD-C1EADD143483}"
EndProject
Project("{FAE04EC0-301F-11D3-BF4B-00C04F79EFBC}") = "Livraria.Infra.EF", "Livraria.Infra.EF\Livraria.Infra.EF.csproj", "{D38F2E66-05ED-49F2-A9A0-A11E325C93C3}"
EndProject
Global
	GlobalSection(SolutionConfigurationPlatforms) = preSolution
		Debug|Any CPU = Debug|Any CPU
		Release|Any CPU = Release|Any CPU
	EndGlobalSection
	GlobalSection(ProjectConfigurationPlatforms) = postSolution
		{FEAFAD90-913B-4BB6-90DD-C1EADD143483}.Debug|Any CPU.ActiveCfg = Debug|Any CPU
		{FEAFAD90-913B-4BB6-90DD-C1EADD143483}.Debug|Any CPU.Build.0 = Debug|Any CPU
		{FEAFAD90-913B-4BB6-90DD-C1EADD143483}.Release|Any CPU.ActiveCfg = Release|Any CPU
		{FEAFAD90-913B-4BB6-90DD-C1EADD143483}.Release|Any CPU.Build.0 = Release|Any CPU
		{D38F2E66-05ED-49F2-A9A0-A11E325C93C3}.Debug|Any CPU.ActiveCfg = Debug|Any CPU
		{D38F2E66-05ED-49F2-A9A0-A11E325C93C3}.Debug|Any CPU.Build.0 = Debug|Any CPU
		{D38F2E66-05ED-49F2-A9A0-A11E325C93C3}.Release|Any CPU.ActiveCfg = Release|Any CPU
		{D38F2E66-05ED-49F2-A9A0-A11E325C93C3}.Release|Any CPU.Build.0 = Release|Any CPU
	EndGlobalSection
	GlobalSection(SolutionProperties) = preSolution
		HideSolutionNode = FALSE
	EndGlobalSection
	GlobalSection(ExtensibilityGlobals) = postSolution
		SolutionGuid = {9552EBCC-0D7F-46EB-A875-D2F7F58719F9}
	EndGlobalSection
EndGlobal
